
Microsoft Visual Studio Solution File, Format Version 12.00
# Visual Studio Version 16
VisualStudioVersion = 16.0.30128.74
MinimumVisualStudioVersion = 10.0.40219.1
Project("{FAE04EC0-301F-11D3-BF4B-00C04F79EFBC}") = "Wallon", "Wallon\Wallon.csproj", "{9E319C3A-068B-49B1-A01B-215BBA911384}"
EndProject
Project("{FAE04EC0-301F-11D3-BF4B-00C04F79EFBC}") = "FlatControls", "FlatControls\FlatControls.csproj", "{70E7D56F-DF43-4FE9-A6CC-D762A5CD7F4B}"
EndProject
Project("{9A19103F-16F7-4668-BE54-9A1E7A4F7556}") = "RestServer", "RestServer\RestServer.csproj", "{4A9F87D5-1EA1-495A-AC6A-B492823A6A6D}"
EndProject
Project("{FAE04EC0-301F-11D3-BF4B-00C04F79EFBC}") = "RestApiClient", "RestApiClient\RestApiClient.csproj", "{3394DC73-908F-4F3B-B915-91B9A7FA2552}"
EndProject
Project("{FAE04EC0-301F-11D3-BF4B-00C04F79EFBC}") = "Models", "Models\Models.csproj", "{2D3D5C1C-C704-467A-BF93-35CBFE56BE49}"
EndProject
Project("{9A19103F-16F7-4668-BE54-9A1E7A4F7556}") = "Updater", "Updater\Updater.csproj", "{176FDB5E-0740-4B61-BCB2-181483F2B20C}"
EndProject
Project("{9A19103F-16F7-4668-BE54-9A1E7A4F7556}") = "Packager", "Packager\Packager.csproj", "{68D95A1C-49EA-48A9-B539-F81C78690824}"
EndProject
Project("{FAE04EC0-301F-11D3-BF4B-00C04F79EFBC}") = "Mobile.Android", "Mobile\Mobile.Android\Mobile.Android.csproj", "{4E5A616C-5687-4F36-A080-B234253A7B4C}"
EndProject
Project("{FAE04EC0-301F-11D3-BF4B-00C04F79EFBC}") = "Mobile", "Mobile\Mobile\Mobile.csproj", "{60CF9FEF-06AB-4B5E-A0AA-85F673E804F3}"
EndProject
Global
	GlobalSection(SolutionConfigurationPlatforms) = preSolution
		Debug|Any CPU = Debug|Any CPU
		Release|Any CPU = Release|Any CPU
	EndGlobalSection
	GlobalSection(ProjectConfigurationPlatforms) = postSolution
		{9E319C3A-068B-49B1-A01B-215BBA911384}.Debug|Any CPU.ActiveCfg = Debug|Any CPU
		{9E319C3A-068B-49B1-A01B-215BBA911384}.Debug|Any CPU.Build.0 = Debug|Any CPU
		{9E319C3A-068B-49B1-A01B-215BBA911384}.Release|Any CPU.ActiveCfg = Release|Any CPU
		{9E319C3A-068B-49B1-A01B-215BBA911384}.Release|Any CPU.Build.0 = Release|Any CPU
		{70E7D56F-DF43-4FE9-A6CC-D762A5CD7F4B}.Debug|Any CPU.ActiveCfg = Debug|Any CPU
		{70E7D56F-DF43-4FE9-A6CC-D762A5CD7F4B}.Debug|Any CPU.Build.0 = Debug|Any CPU
		{70E7D56F-DF43-4FE9-A6CC-D762A5CD7F4B}.Release|Any CPU.ActiveCfg = Release|Any CPU
		{70E7D56F-DF43-4FE9-A6CC-D762A5CD7F4B}.Release|Any CPU.Build.0 = Release|Any CPU
		{4A9F87D5-1EA1-495A-AC6A-B492823A6A6D}.Debug|Any CPU.ActiveCfg = Debug|Any CPU
		{4A9F87D5-1EA1-495A-AC6A-B492823A6A6D}.Debug|Any CPU.Build.0 = Debug|Any CPU
		{4A9F87D5-1EA1-495A-AC6A-B492823A6A6D}.Release|Any CPU.ActiveCfg = Release|Any CPU
		{4A9F87D5-1EA1-495A-AC6A-B492823A6A6D}.Release|Any CPU.Build.0 = Release|Any CPU
		{3394DC73-908F-4F3B-B915-91B9A7FA2552}.Debug|Any CPU.ActiveCfg = Debug|Any CPU
		{3394DC73-908F-4F3B-B915-91B9A7FA2552}.Debug|Any CPU.Build.0 = Debug|Any CPU
		{3394DC73-908F-4F3B-B915-91B9A7FA2552}.Release|Any CPU.ActiveCfg = Release|Any CPU
		{3394DC73-908F-4F3B-B915-91B9A7FA2552}.Release|Any CPU.Build.0 = Release|Any CPU
		{2D3D5C1C-C704-467A-BF93-35CBFE56BE49}.Debug|Any CPU.ActiveCfg = Debug|Any CPU
		{2D3D5C1C-C704-467A-BF93-35CBFE56BE49}.Debug|Any CPU.Build.0 = Debug|Any CPU
		{2D3D5C1C-C704-467A-BF93-35CBFE56BE49}.Release|Any CPU.ActiveCfg = Release|Any CPU
		{2D3D5C1C-C704-467A-BF93-35CBFE56BE49}.Release|Any CPU.Build.0 = Release|Any CPU
		{176FDB5E-0740-4B61-BCB2-181483F2B20C}.Debug|Any CPU.ActiveCfg = Debug|Any CPU
		{176FDB5E-0740-4B61-BCB2-181483F2B20C}.Debug|Any CPU.Build.0 = Debug|Any CPU
		{176FDB5E-0740-4B61-BCB2-181483F2B20C}.Release|Any CPU.ActiveCfg = Release|Any CPU
		{176FDB5E-0740-4B61-BCB2-181483F2B20C}.Release|Any CPU.Build.0 = Release|Any CPU
		{68D95A1C-49EA-48A9-B539-F81C78690824}.Debug|Any CPU.ActiveCfg = Debug|Any CPU
		{68D95A1C-49EA-48A9-B539-F81C78690824}.Debug|Any CPU.Build.0 = Debug|Any CPU
		{68D95A1C-49EA-48A9-B539-F81C78690824}.Release|Any CPU.ActiveCfg = Release|Any CPU
		{68D95A1C-49EA-48A9-B539-F81C78690824}.Release|Any CPU.Build.0 = Release|Any CPU
		{4E5A616C-5687-4F36-A080-B234253A7B4C}.Debug|Any CPU.ActiveCfg = Debug|Any CPU
		{4E5A616C-5687-4F36-A080-B234253A7B4C}.Debug|Any CPU.Build.0 = Debug|Any CPU
		{4E5A616C-5687-4F36-A080-B234253A7B4C}.Debug|Any CPU.Deploy.0 = Debug|Any CPU
		{4E5A616C-5687-4F36-A080-B234253A7B4C}.Release|Any CPU.ActiveCfg = Release|Any CPU
		{4E5A616C-5687-4F36-A080-B234253A7B4C}.Release|Any CPU.Build.0 = Release|Any CPU
		{4E5A616C-5687-4F36-A080-B234253A7B4C}.Release|Any CPU.Deploy.0 = Release|Any CPU
		{60CF9FEF-06AB-4B5E-A0AA-85F673E804F3}.Debug|Any CPU.ActiveCfg = Debug|Any CPU
		{60CF9FEF-06AB-4B5E-A0AA-85F673E804F3}.Debug|Any CPU.Build.0 = Debug|Any CPU
		{60CF9FEF-06AB-4B5E-A0AA-85F673E804F3}.Release|Any CPU.ActiveCfg = Release|Any CPU
		{60CF9FEF-06AB-4B5E-A0AA-85F673E804F3}.Release|Any CPU.Build.0 = Release|Any CPU
	EndGlobalSection
	GlobalSection(SolutionProperties) = preSolution
		HideSolutionNode = FALSE
	EndGlobalSection
	GlobalSection(ExtensibilityGlobals) = postSolution
		SolutionGuid = {A0A685A2-9607-4558-84D5-23FEF2EE3CAC}
	EndGlobalSection
EndGlobal
